
Microsoft Visual Studio Solution File, Format Version 12.00
# Visual Studio Version 17
VisualStudioVersion = 17.11.35208.52
MinimumVisualStudioVersion = 10.0.40219.1
Project("{FAE04EC0-301F-11D3-BF4B-00C04F79EFBC}") = "Calendar", "Calendar\Calendar.csproj", "{84883BF4-E19F-4DA3-942A-4CDAABC3ED13}"
EndProject
Global
	GlobalSection(SolutionConfigurationPlatforms) = preSolution
		Debug|Any CPU = Debug|Any CPU
		Release|Any CPU = Release|Any CPU
	EndGlobalSection
	GlobalSection(ProjectConfigurationPlatforms) = postSolution
		{84883BF4-E19F-4DA3-942A-4CDAABC3ED13}.Debug|Any CPU.ActiveCfg = Debug|Any CPU
		{84883BF4-E19F-4DA3-942A-4CDAABC3ED13}.Debug|Any CPU.Build.0 = Debug|Any CPU
		{84883BF4-E19F-4DA3-942A-4CDAABC3ED13}.Release|Any CPU.ActiveCfg = Release|Any CPU
		{84883BF4-E19F-4DA3-942A-4CDAABC3ED13}.Release|Any CPU.Build.0 = Release|Any CPU
	EndGlobalSection
	GlobalSection(SolutionProperties) = preSolution
		HideSolutionNode = FALSE
	EndGlobalSection
	GlobalSection(ExtensibilityGlobals) = postSolution
		SolutionGuid = {48226359-33B6-4448-A68C-BF78EE328CF4}
	EndGlobalSection
EndGlobal
